// !$*UTF8*$!
{
	archiveVersion = 1;
	classes = {
	};
	objectVersion = 56;
	objects = {

/* Begin PBXBuildFile section */
		04BC4C2B2DA418A0009F1C8F /* ToDoFirebaseApp.swift in Sources */ = {isa = PBXBuildFile; fileRef = 04BC4C2A2DA418A0009F1C8F /* ToDoFirebaseApp.swift */; };
		04BC4C2D2DA418A0009F1C8F /* ContentView.swift in Sources */ = {isa = PBXBuildFile; fileRef = 04BC4C2C2DA418A0009F1C8F /* ContentView.swift */; };
		04BC4C2F2DA418A3009F1C8F /* Assets.xcassets in Resources */ = {isa = PBXBuildFile; fileRef = 04BC4C2E2DA418A3009F1C8F /* Assets.xcassets */; };
		04BC4C322DA418A3009F1C8F /* Preview Assets.xcassets in Resources */ = {isa = PBXBuildFile; fileRef = 04BC4C312DA418A3009F1C8F /* Preview Assets.xcassets */; };
		04BC4C3A2DA4588C009F1C8F /* FirebaseAnalytics in Frameworks */ = {isa = PBXBuildFile; productRef = 04BC4C392DA4588C009F1C8F /* FirebaseAnalytics */; };
		04BC4C3C2DA4588C009F1C8F /* FirebaseAnalyticsOnDeviceConversion in Frameworks */ = {isa = PBXBuildFile; productRef = 04BC4C3B2DA4588C009F1C8F /* FirebaseAnalyticsOnDeviceConversion */; };
		04BC4C3E2DA4588C009F1C8F /* FirebaseAnalyticsWithoutAdIdSupport in Frameworks */ = {isa = PBXBuildFile; productRef = 04BC4C3D2DA4588C009F1C8F /* FirebaseAnalyticsWithoutAdIdSupport */; };
		04BC4C402DA4588C009F1C8F /* FirebaseAppCheck in Frameworks */ = {isa = PBXBuildFile; productRef = 04BC4C3F2DA4588C009F1C8F /* FirebaseAppCheck */; };
		04BC4C422DA4588C009F1C8F /* FirebaseAppDistribution-Beta in Frameworks */ = {isa = PBXBuildFile; productRef = 04BC4C412DA4588C009F1C8F /* FirebaseAppDistribution-Beta */; };
		04BC4C442DA466C2009F1C8F /* GoogleService-Info.plist in Resources */ = {isa = PBXBuildFile; fileRef = 04BC4C432DA466C2009F1C8F /* GoogleService-Info.plist */; };
/* End PBXBuildFile section */

/* Begin PBXFileReference section */
		04BC4C272DA418A0009F1C8F /* ToDoFirebase.app */ = {isa = PBXFileReference; explicitFileType = wrapper.application; includeInIndex = 0; path = ToDoFirebase.app; sourceTree = BUILT_PRODUCTS_DIR; };
		04BC4C2A2DA418A0009F1C8F /* ToDoFirebaseApp.swift */ = {isa = PBXFileReference; lastKnownFileType = sourcecode.swift; path = ToDoFirebaseApp.swift; sourceTree = "<group>"; };
		04BC4C2C2DA418A0009F1C8F /* ContentView.swift */ = {isa = PBXFileReference; lastKnownFileType = sourcecode.swift; path = ContentView.swift; sourceTree = "<group>"; };
		04BC4C2E2DA418A3009F1C8F /* Assets.xcassets */ = {isa = PBXFileReference; lastKnownFileType = folder.assetcatalog; path = Assets.xcassets; sourceTree = "<group>"; };
		04BC4C312DA418A3009F1C8F /* Preview Assets.xcassets */ = {isa = PBXFileReference; lastKnownFileType = folder.assetcatalog; path = "Preview Assets.xcassets"; sourceTree = "<group>"; };
		04BC4C432DA466C2009F1C8F /* GoogleService-Info.plist */ = {isa = PBXFileReference; fileEncoding = 4; lastKnownFileType = text.plist.xml; path = "GoogleService-Info.plist"; sourceTree = "<group>"; };
/* End PBXFileReference section */

/* Begin PBXFrameworksBuildPhase section */
		04BC4C242DA418A0009F1C8F /* Frameworks */ = {
			isa = PBXFrameworksBuildPhase;
			buildActionMask = 2147483647;
			files = (
				04BC4C402DA4588C009F1C8F /* FirebaseAppCheck in Frameworks */,
				04BC4C3A2DA4588C009F1C8F /* FirebaseAnalytics in Frameworks */,
				04BC4C422DA4588C009F1C8F /* FirebaseAppDistribution-Beta in Frameworks */,
				04BC4C3E2DA4588C009F1C8F /* FirebaseAnalyticsWithoutAdIdSupport in Frameworks */,
				04BC4C3C2DA4588C009F1C8F /* FirebaseAnalyticsOnDeviceConversion in Frameworks */,
			);
			runOnlyForDeploymentPostprocessing = 0;
		};
/* End PBXFrameworksBuildPhase section */

/* Begin PBXGroup section */
		04643F5C2DBA9C040075CD60 /* Views */ = {
			isa = PBXGroup;
			children = (
				04BC4C2C2DA418A0009F1C8F /* ContentView.swift */,
			);
			path = Views;
			sourceTree = "<group>";
		};
		04643F5D2DBA9C140075CD60 /* ViewModels */ = {
			isa = PBXGroup;
			children = (
			);
			path = ViewModels;
			sourceTree = "<group>";
		};
		04643F5E2DBA9C250075CD60 /* Models */ = {
			isa = PBXGroup;
			children = (
			);
			path = Models;
			sourceTree = "<group>";
		};
		04643F5F2DBA9C550075CD60 /* Resources */ = {
			isa = PBXGroup;
			children = (
				04BC4C2E2DA418A3009F1C8F /* Assets.xcassets */,
				04BC4C432DA466C2009F1C8F /* GoogleService-Info.plist */,
				04BC4C2A2DA418A0009F1C8F /* ToDoFirebaseApp.swift */,
			);
			path = Resources;
			sourceTree = "<group>";
		};
		04BC4C1E2DA418A0009F1C8F = {
			isa = PBXGroup;
			children = (
				04BC4C292DA418A0009F1C8F /* ToDoFirebase */,
				04BC4C282DA418A0009F1C8F /* Products */,
			);
			sourceTree = "<group>";
		};
		04BC4C282DA418A0009F1C8F /* Products */ = {
			isa = PBXGroup;
			children = (
				04BC4C272DA418A0009F1C8F /* ToDoFirebase.app */,
			);
			name = Products;
			sourceTree = "<group>";
		};
		04BC4C292DA418A0009F1C8F /* ToDoFirebase */ = {
			isa = PBXGroup;
			children = (
				04643F5F2DBA9C550075CD60 /* Resources */,
				04643F5E2DBA9C250075CD60 /* Models */,
				04643F5D2DBA9C140075CD60 /* ViewModels */,
				04643F5C2DBA9C040075CD60 /* Views */,
				04BC4C302DA418A3009F1C8F /* Preview Content */,
			);
			path = ToDoFirebase;
			sourceTree = "<group>";
		};
		04BC4C302DA418A3009F1C8F /* Preview Content */ = {
			isa = PBXGroup;
			children = (
				04BC4C312DA418A3009F1C8F /* Preview Assets.xcassets */,
			);
			path = "Preview Content";
			sourceTree = "<group>";
		};
/* End PBXGroup section */

/* Begin PBXNativeTarget section */
		04BC4C262DA418A0009F1C8F /* ToDoFirebase */ = {
			isa = PBXNativeTarget;
			buildConfigurationList = 04BC4C352DA418A3009F1C8F /* Build configuration list for PBXNativeTarget "ToDoFirebase" */;
			buildPhases = (
				04BC4C232DA418A0009F1C8F /* Sources */,
				04BC4C242DA418A0009F1C8F /* Frameworks */,
				04BC4C252DA418A0009F1C8F /* Resources */,
			);
			buildRules = (
			);
			dependencies = (
			);
			name = ToDoFirebase;
			packageProductDependencies = (
				04BC4C392DA4588C009F1C8F /* FirebaseAnalytics */,
				04BC4C3B2DA4588C009F1C8F /* FirebaseAnalyticsOnDeviceConversion */,
				04BC4C3D2DA4588C009F1C8F /* FirebaseAnalyticsWithoutAdIdSupport */,
				04BC4C3F2DA4588C009F1C8F /* FirebaseAppCheck */,
				04BC4C412DA4588C009F1C8F /* FirebaseAppDistribution-Beta */,
			);
			productName = ToDoCombine;
			productReference = 04BC4C272DA418A0009F1C8F /* ToDoFirebase.app */;
			productType = "com.apple.product-type.application";
		};
/* End PBXNativeTarget section */

/* Begin PBXProject section */
		04BC4C1F2DA418A0009F1C8F /* Project object */ = {
			isa = PBXProject;
			attributes = {
				BuildIndependentTargetsInParallel = 1;
				LastSwiftUpdateCheck = 1520;
				LastUpgradeCheck = 1520;
				TargetAttributes = {
					04BC4C262DA418A0009F1C8F = {
						CreatedOnToolsVersion = 15.2;
					};
				};
			};
			buildConfigurationList = 04BC4C222DA418A0009F1C8F /* Build configuration list for PBXProject "ToDoFirebase" */;
			compatibilityVersion = "Xcode 14.0";
			developmentRegion = en;
			hasScannedForEncodings = 0;
			knownRegions = (
				en,
				Base,
			);
			mainGroup = 04BC4C1E2DA418A0009F1C8F;
			packageReferences = (
				04BC4C382DA4588C009F1C8F /* XCRemoteSwiftPackageReference "firebase-ios-sdk" */,
			);
			productRefGroup = 04BC4C282DA418A0009F1C8F /* Products */;
			projectDirPath = "";
			projectRoot = "";
			targets = (
				04BC4C262DA418A0009F1C8F /* ToDoFirebase */,
			);
		};
/* End PBXProject section */

/* Begin PBXResourcesBuildPhase section */
		04BC4C252DA418A0009F1C8F /* Resources */ = {
			isa = PBXResourcesBuildPhase;
			buildActionMask = 2147483647;
			files = (
				04BC4C322DA418A3009F1C8F /* Preview Assets.xcassets in Resources */,
				04BC4C2F2DA418A3009F1C8F /* Assets.xcassets in Resources */,
				04BC4C442DA466C2009F1C8F /* GoogleService-Info.plist in Resources */,
			);
			runOnlyForDeploymentPostprocessing = 0;
		};
/* End PBXResourcesBuildPhase section */

/* Begin PBXSourcesBuildPhase section */
		04BC4C232DA418A0009F1C8F /* Sources */ = {
			isa = PBXSourcesBuildPhase;
			buildActionMask = 2147483647;
			files = (
				04BC4C2D2DA418A0009F1C8F /* ContentView.swift in Sources */,
				04BC4C2B2DA418A0009F1C8F /* ToDoFirebaseApp.swift in Sources */,
			);
			runOnlyForDeploymentPostprocessing = 0;
		};
/* End PBXSourcesBuildPhase section */

/* Begin XCBuildConfiguration section */
		04BC4C332DA418A3009F1C8F /* Debug */ = {
			isa = XCBuildConfiguration;
			buildSettings = {
				ALWAYS_SEARCH_USER_PATHS = NO;
				ASSETCATALOG_COMPILER_GENERATE_SWIFT_ASSET_SYMBOL_EXTENSIONS = YES;
				CLANG_ANALYZER_NONNULL = YES;
				CLANG_ANALYZER_NUMBER_OBJECT_CONVERSION = YES_AGGRESSIVE;
				CLANG_CXX_LANGUAGE_STANDARD = "gnu++20";
				CLANG_ENABLE_MODULES = YES;
				CLANG_ENABLE_OBJC_ARC = YES;
				CLANG_ENABLE_OBJC_WEAK = YES;
				CLANG_WARN_BLOCK_CAPTURE_AUTORELEASING = YES;
				CLANG_WARN_BOOL_CONVERSION = YES;
				CLANG_WARN_COMMA = YES;
				CLANG_WARN_CONSTANT_CONVERSION = YES;
				CLANG_WARN_DEPRECATED_OBJC_IMPLEMENTATIONS = YES;
				CLANG_WARN_DIRECT_OBJC_ISA_USAGE = YES_ERROR;
				CLANG_WARN_DOCUMENTATION_COMMENTS = YES;
				CLANG_WARN_EMPTY_BODY = YES;
				CLANG_WARN_ENUM_CONVERSION = YES;
				CLANG_WARN_INFINITE_RECURSION = YES;
				CLANG_WARN_INT_CONVERSION = YES;
				CLANG_WARN_NON_LITERAL_NULL_CONVERSION = YES;
				CLANG_WARN_OBJC_IMPLICIT_RETAIN_SELF = YES;
				CLANG_WARN_OBJC_LITERAL_CONVERSION = YES;
				CLANG_WARN_OBJC_ROOT_CLASS = YES_ERROR;
				CLANG_WARN_QUOTED_INCLUDE_IN_FRAMEWORK_HEADER = YES;
				CLANG_WARN_RANGE_LOOP_ANALYSIS = YES;
				CLANG_WARN_STRICT_PROTOTYPES = YES;
				CLANG_WARN_SUSPICIOUS_MOVE = YES;
				CLANG_WARN_UNGUARDED_AVAILABILITY = YES_AGGRESSIVE;
				CLANG_WARN_UNREACHABLE_CODE = YES;
				CLANG_WARN__DUPLICATE_METHOD_MATCH = YES;
				COPY_PHASE_STRIP = NO;
				DEBUG_INFORMATION_FORMAT = dwarf;
				ENABLE_STRICT_OBJC_MSGSEND = YES;
				ENABLE_TESTABILITY = YES;
				ENABLE_USER_SCRIPT_SANDBOXING = YES;
				GCC_C_LANGUAGE_STANDARD = gnu17;
				GCC_DYNAMIC_NO_PIC = NO;
				GCC_NO_COMMON_BLOCKS = YES;
				GCC_OPTIMIZATION_LEVEL = 0;
				GCC_PREPROCESSOR_DEFINITIONS = (
					"DEBUG=1",
					"$(inherited)",
				);
				GCC_WARN_64_TO_32_BIT_CONVERSION = YES;
				GCC_WARN_ABOUT_RETURN_TYPE = YES_ERROR;
				GCC_WARN_UNDECLARED_SELECTOR = YES;
				GCC_WARN_UNINITIALIZED_AUTOS = YES_AGGRESSIVE;
				GCC_WARN_UNUSED_FUNCTION = YES;
				GCC_WARN_UNUSED_VARIABLE = YES;
				IPHONEOS_DEPLOYMENT_TARGET = 17.2;
				LOCALIZATION_PREFERS_STRING_CATALOGS = YES;
				MTL_ENABLE_DEBUG_INFO = INCLUDE_SOURCE;
				MTL_FAST_MATH = YES;
				ONLY_ACTIVE_ARCH = YES;
				SDKROOT = iphoneos;
				SWIFT_ACTIVE_COMPILATION_CONDITIONS = "DEBUG $(inherited)";
				SWIFT_OPTIMIZATION_LEVEL = "-Onone";
			};
			name = Debug;
		};
		04BC4C342DA418A3009F1C8F /* Release */ = {
			isa = XCBuildConfiguration;
			buildSettings = {
				ALWAYS_SEARCH_USER_PATHS = NO;
				ASSETCATALOG_COMPILER_GENERATE_SWIFT_ASSET_SYMBOL_EXTENSIONS = YES;
				CLANG_ANALYZER_NONNULL = YES;
				CLANG_ANALYZER_NUMBER_OBJECT_CONVERSION = YES_AGGRESSIVE;
				CLANG_CXX_LANGUAGE_STANDARD = "gnu++20";
				CLANG_ENABLE_MODULES = YES;
				CLANG_ENABLE_OBJC_ARC = YES;
				CLANG_ENABLE_OBJC_WEAK = YES;
				CLANG_WARN_BLOCK_CAPTURE_AUTORELEASING = YES;
				CLANG_WARN_BOOL_CONVERSION = YES;
				CLANG_WARN_COMMA = YES;
				CLANG_WARN_CONSTANT_CONVERSION = YES;
				CLANG_WARN_DEPRECATED_OBJC_IMPLEMENTATIONS = YES;
				CLANG_WARN_DIRECT_OBJC_ISA_USAGE = YES_ERROR;
				CLANG_WARN_DOCUMENTATION_COMMENTS = YES;
				CLANG_WARN_EMPTY_BODY = YES;
				CLANG_WARN_ENUM_CONVERSION = YES;
				CLANG_WARN_INFINITE_RECURSION = YES;
				CLANG_WARN_INT_CONVERSION = YES;
				CLANG_WARN_NON_LITERAL_NULL_CONVERSION = YES;
				CLANG_WARN_OBJC_IMPLICIT_RETAIN_SELF = YES;
				CLANG_WARN_OBJC_LITERAL_CONVERSION = YES;
				CLANG_WARN_OBJC_ROOT_CLASS = YES_ERROR;
				CLANG_WARN_QUOTED_INCLUDE_IN_FRAMEWORK_HEADER = YES;
				CLANG_WARN_RANGE_LOOP_ANALYSIS = YES;
				CLANG_WARN_STRICT_PROTOTYPES = YES;
				CLANG_WARN_SUSPICIOUS_MOVE = YES;
				CLANG_WARN_UNGUARDED_AVAILABILITY = YES_AGGRESSIVE;
				CLANG_WARN_UNREACHABLE_CODE = YES;
				CLANG_WARN__DUPLICATE_METHOD_MATCH = YES;
				COPY_PHASE_STRIP = NO;
				DEBUG_INFORMATION_FORMAT = "dwarf-with-dsym";
				ENABLE_NS_ASSERTIONS = NO;
				ENABLE_STRICT_OBJC_MSGSEND = YES;
				ENABLE_USER_SCRIPT_SANDBOXING = YES;
				GCC_C_LANGUAGE_STANDARD = gnu17;
				GCC_NO_COMMON_BLOCKS = YES;
				GCC_WARN_64_TO_32_BIT_CONVERSION = YES;
				GCC_WARN_ABOUT_RETURN_TYPE = YES_ERROR;
				GCC_WARN_UNDECLARED_SELECTOR = YES;
				GCC_WARN_UNINITIALIZED_AUTOS = YES_AGGRESSIVE;
				GCC_WARN_UNUSED_FUNCTION = YES;
				GCC_WARN_UNUSED_VARIABLE = YES;
				IPHONEOS_DEPLOYMENT_TARGET = 17.2;
				LOCALIZATION_PREFERS_STRING_CATALOGS = YES;
				MTL_ENABLE_DEBUG_INFO = NO;
				MTL_FAST_MATH = YES;
				SDKROOT = iphoneos;
				SWIFT_COMPILATION_MODE = wholemodule;
				VALIDATE_PRODUCT = YES;
			};
			name = Release;
		};
		04BC4C362DA418A3009F1C8F /* Debug */ = {
			isa = XCBuildConfiguration;
			buildSettings = {
				ASSETCATALOG_COMPILER_APPICON_NAME = AppIcon;
				ASSETCATALOG_COMPILER_GLOBAL_ACCENT_COLOR_NAME = AccentColor;
				CODE_SIGN_STYLE = Automatic;
				CURRENT_PROJECT_VERSION = 1;
				DEVELOPMENT_ASSET_PATHS = "\"ToDoFirebase/Preview Content\"";
				DEVELOPMENT_TEAM = 5AR4487J34;
				ENABLE_PREVIEWS = YES;
				GENERATE_INFOPLIST_FILE = YES;
				INFOPLIST_KEY_CFBundleDisplayName = "To Do List";
				INFOPLIST_KEY_UIApplicationSceneManifest_Generation = YES;
				INFOPLIST_KEY_UIApplicationSupportsIndirectInputEvents = YES;
				INFOPLIST_KEY_UILaunchScreen_Generation = YES;
				INFOPLIST_KEY_UISupportedInterfaceOrientations = UIInterfaceOrientationPortrait;
				LD_RUNPATH_SEARCH_PATHS = (
					"$(inherited)",
					"@executable_path/Frameworks",
				);
				MARKETING_VERSION = 1.0;
				PRODUCT_BUNDLE_IDENTIFIER = com.randrusevych.ToDoFirebase;
				PRODUCT_NAME = "$(TARGET_NAME)";
				SWIFT_EMIT_LOC_STRINGS = YES;
				SWIFT_VERSION = 5.0;
				TARGETED_DEVICE_FAMILY = "1,2";
			};
			name = Debug;
		};
		04BC4C372DA418A3009F1C8F /* Release */ = {
			isa = XCBuildConfiguration;
			buildSettings = {
				ASSETCATALOG_COMPILER_APPICON_NAME = AppIcon;
				ASSETCATALOG_COMPILER_GLOBAL_ACCENT_COLOR_NAME = AccentColor;
				CODE_SIGN_STYLE = Automatic;
				CURRENT_PROJECT_VERSION = 1;
				DEVELOPMENT_ASSET_PATHS = "\"ToDoFirebase/Preview Content\"";
				DEVELOPMENT_TEAM = 5AR4487J34;
				ENABLE_PREVIEWS = YES;
				GENERATE_INFOPLIST_FILE = YES;
				INFOPLIST_KEY_CFBundleDisplayName = "To Do List";
				INFOPLIST_KEY_UIApplicationSceneManifest_Generation = YES;
				INFOPLIST_KEY_UIApplicationSupportsIndirectInputEvents = YES;
				INFOPLIST_KEY_UILaunchScreen_Generation = YES;
				INFOPLIST_KEY_UISupportedInterfaceOrientations = UIInterfaceOrientationPortrait;
				LD_RUNPATH_SEARCH_PATHS = (
					"$(inherited)",
					"@executable_path/Frameworks",
				);
				MARKETING_VERSION = 1.0;
				PRODUCT_BUNDLE_IDENTIFIER = com.randrusevych.ToDoFirebase;
				PRODUCT_NAME = "$(TARGET_NAME)";
				SWIFT_EMIT_LOC_STRINGS = YES;
				SWIFT_VERSION = 5.0;
				TARGETED_DEVICE_FAMILY = "1,2";
			};
			name = Release;
		};
/* End XCBuildConfiguration section */

/* Begin XCConfigurationList section */
		04BC4C222DA418A0009F1C8F /* Build configuration list for PBXProject "ToDoFirebase" */ = {
			isa = XCConfigurationList;
			buildConfigurations = (
				04BC4C332DA418A3009F1C8F /* Debug */,
				04BC4C342DA418A3009F1C8F /* Release */,
			);
			defaultConfigurationIsVisible = 0;
			defaultConfigurationName = Release;
		};
		04BC4C352DA418A3009F1C8F /* Build configuration list for PBXNativeTarget "ToDoFirebase" */ = {
			isa = XCConfigurationList;
			buildConfigurations = (
				04BC4C362DA418A3009F1C8F /* Debug */,
				04BC4C372DA418A3009F1C8F /* Release */,
			);
			defaultConfigurationIsVisible = 0;
			defaultConfigurationName = Release;
		};
/* End XCConfigurationList section */

/* Begin XCRemoteSwiftPackageReference section */
		04BC4C382DA4588C009F1C8F /* XCRemoteSwiftPackageReference "firebase-ios-sdk" */ = {
			isa = XCRemoteSwiftPackageReference;
			repositoryURL = "https://github.com/firebase/firebase-ios-sdk";
			requirement = {
				kind = upToNextMajorVersion;
				minimumVersion = 11.11.0;
			};
		};
/* End XCRemoteSwiftPackageReference section */

/* Begin XCSwiftPackageProductDependency section */
		04BC4C392DA4588C009F1C8F /* FirebaseAnalytics */ = {
			isa = XCSwiftPackageProductDependency;
			package = 04BC4C382DA4588C009F1C8F /* XCRemoteSwiftPackageReference "firebase-ios-sdk" */;
			productName = FirebaseAnalytics;
		};
		04BC4C3B2DA4588C009F1C8F /* FirebaseAnalyticsOnDeviceConversion */ = {
			isa = XCSwiftPackageProductDependency;
			package = 04BC4C382DA4588C009F1C8F /* XCRemoteSwiftPackageReference "firebase-ios-sdk" */;
			productName = FirebaseAnalyticsOnDeviceConversion;
		};
		04BC4C3D2DA4588C009F1C8F /* FirebaseAnalyticsWithoutAdIdSupport */ = {
			isa = XCSwiftPackageProductDependency;
			package = 04BC4C382DA4588C009F1C8F /* XCRemoteSwiftPackageReference "firebase-ios-sdk" */;
			productName = FirebaseAnalyticsWithoutAdIdSupport;
		};
		04BC4C3F2DA4588C009F1C8F /* FirebaseAppCheck */ = {
			isa = XCSwiftPackageProductDependency;
			package = 04BC4C382DA4588C009F1C8F /* XCRemoteSwiftPackageReference "firebase-ios-sdk" */;
			productName = FirebaseAppCheck;
		};
		04BC4C412DA4588C009F1C8F /* FirebaseAppDistribution-Beta */ = {
			isa = XCSwiftPackageProductDependency;
			package = 04BC4C382DA4588C009F1C8F /* XCRemoteSwiftPackageReference "firebase-ios-sdk" */;
			productName = "FirebaseAppDistribution-Beta";
		};
/* End XCSwiftPackageProductDependency section */
	};
	rootObject = 04BC4C1F2DA418A0009F1C8F /* Project object */;
}
